
Microsoft Visual Studio Solution File, Format Version 12.00
# Visual Studio 15
VisualStudioVersion = 15.0.28010.2003
MinimumVisualStudioVersion = 10.0.40219.1
Project("{FAE04EC0-301F-11D3-BF4B-00C04F79EFBC}") = "InvoiceTotal", "InvoiceTotal\InvoiceTotal.csproj", "{197CA6B0-3F27-4A61-BAFD-598DE657333B}"
EndProject
Global
	GlobalSection(SolutionConfigurationPlatforms) = preSolution
		Debug|Any CPU = Debug|Any CPU
		Release|Any CPU = Release|Any CPU
	EndGlobalSection
	GlobalSection(ProjectConfigurationPlatforms) = postSolution
		{197CA6B0-3F27-4A61-BAFD-598DE657333B}.Debug|Any CPU.ActiveCfg = Debug|Any CPU
		{197CA6B0-3F27-4A61-BAFD-598DE657333B}.Debug|Any CPU.Build.0 = Debug|Any CPU
		{197CA6B0-3F27-4A61-BAFD-598DE657333B}.Release|Any CPU.ActiveCfg = Release|Any CPU
		{197CA6B0-3F27-4A61-BAFD-598DE657333B}.Release|Any CPU.Build.0 = Release|Any CPU
	EndGlobalSection
	GlobalSection(SolutionProperties) = preSolution
		HideSolutionNode = FALSE
	EndGlobalSection
	GlobalSection(ExtensibilityGlobals) = postSolution
		SolutionGuid = {1D132B17-E5A1-40D2-ABDC-2D467C9EA428}
	EndGlobalSection
EndGlobal
